
Microsoft Visual Studio Solution File, Format Version 12.00
# Visual Studio 2012
Project("{FAE04EC0-301F-11D3-BF4B-00C04F79EFBC}") = "AppVayorTest.iOS", "iOS\AppVayorTest.iOS.csproj", "{D2FA85F0-8DEE-4725-ACE6-D317BE04B7F2}"
EndProject
Project("{FAE04EC0-301F-11D3-BF4B-00C04F79EFBC}") = "AppVayorTest.Droid", "Droid\AppVayorTest.Droid.csproj", "{377BE5FA-8EB2-4C23-8595-69BA15F997EC}"
EndProject
Project("{FAE04EC0-301F-11D3-BF4B-00C04F79EFBC}") = "AppVayorTest", "AppVayorTest\AppVayorTest.csproj", "{BF781447-8FD4-4769-A62B-B7B50B459D33}"
EndProject
Project("{FAE04EC0-301F-11D3-BF4B-00C04F79EFBC}") = "AppVayor.UnitTests", "AppVayor.UnitTests\AppVayor.UnitTests.csproj", "{8EE9E6EF-B3F1-49BA-BE74-AE2C763BD69C}"
EndProject
Global
	GlobalSection(SolutionConfigurationPlatforms) = preSolution
		Debug|iPhoneSimulator = Debug|iPhoneSimulator
		Release|iPhone = Release|iPhone
		Release|iPhoneSimulator = Release|iPhoneSimulator
		Debug|iPhone = Debug|iPhone
		Debug|Any CPU = Debug|Any CPU
		Release|Any CPU = Release|Any CPU
	EndGlobalSection
	GlobalSection(ProjectConfigurationPlatforms) = postSolution
		{377BE5FA-8EB2-4C23-8595-69BA15F997EC}.Debug|Any CPU.ActiveCfg = Debug|Any CPU
		{377BE5FA-8EB2-4C23-8595-69BA15F997EC}.Debug|Any CPU.Build.0 = Debug|Any CPU
		{377BE5FA-8EB2-4C23-8595-69BA15F997EC}.Debug|iPhone.ActiveCfg = Debug|Any CPU
		{377BE5FA-8EB2-4C23-8595-69BA15F997EC}.Debug|iPhone.Build.0 = Debug|Any CPU
		{377BE5FA-8EB2-4C23-8595-69BA15F997EC}.Debug|iPhoneSimulator.ActiveCfg = Debug|Any CPU
		{377BE5FA-8EB2-4C23-8595-69BA15F997EC}.Debug|iPhoneSimulator.Build.0 = Debug|Any CPU
		{377BE5FA-8EB2-4C23-8595-69BA15F997EC}.Release|Any CPU.ActiveCfg = Release|Any CPU
		{377BE5FA-8EB2-4C23-8595-69BA15F997EC}.Release|Any CPU.Build.0 = Release|Any CPU
		{377BE5FA-8EB2-4C23-8595-69BA15F997EC}.Release|iPhone.ActiveCfg = Release|Any CPU
		{377BE5FA-8EB2-4C23-8595-69BA15F997EC}.Release|iPhone.Build.0 = Release|Any CPU
		{377BE5FA-8EB2-4C23-8595-69BA15F997EC}.Release|iPhoneSimulator.ActiveCfg = Release|Any CPU
		{377BE5FA-8EB2-4C23-8595-69BA15F997EC}.Release|iPhoneSimulator.Build.0 = Release|Any CPU
		{8EE9E6EF-B3F1-49BA-BE74-AE2C763BD69C}.Debug|Any CPU.ActiveCfg = Debug|Any CPU
		{8EE9E6EF-B3F1-49BA-BE74-AE2C763BD69C}.Debug|Any CPU.Build.0 = Debug|Any CPU
		{8EE9E6EF-B3F1-49BA-BE74-AE2C763BD69C}.Debug|iPhone.ActiveCfg = Debug|Any CPU
		{8EE9E6EF-B3F1-49BA-BE74-AE2C763BD69C}.Debug|iPhone.Build.0 = Debug|Any CPU
		{8EE9E6EF-B3F1-49BA-BE74-AE2C763BD69C}.Debug|iPhoneSimulator.ActiveCfg = Debug|Any CPU
		{8EE9E6EF-B3F1-49BA-BE74-AE2C763BD69C}.Debug|iPhoneSimulator.Build.0 = Debug|Any CPU
		{8EE9E6EF-B3F1-49BA-BE74-AE2C763BD69C}.Release|Any CPU.ActiveCfg = Release|Any CPU
		{8EE9E6EF-B3F1-49BA-BE74-AE2C763BD69C}.Release|Any CPU.Build.0 = Release|Any CPU
		{8EE9E6EF-B3F1-49BA-BE74-AE2C763BD69C}.Release|iPhone.ActiveCfg = Release|Any CPU
		{8EE9E6EF-B3F1-49BA-BE74-AE2C763BD69C}.Release|iPhone.Build.0 = Release|Any CPU
		{8EE9E6EF-B3F1-49BA-BE74-AE2C763BD69C}.Release|iPhoneSimulator.ActiveCfg = Release|Any CPU
		{8EE9E6EF-B3F1-49BA-BE74-AE2C763BD69C}.Release|iPhoneSimulator.Build.0 = Release|Any CPU
		{BF781447-8FD4-4769-A62B-B7B50B459D33}.Debug|Any CPU.ActiveCfg = Debug|Any CPU
		{BF781447-8FD4-4769-A62B-B7B50B459D33}.Debug|Any CPU.Build.0 = Debug|Any CPU
		{BF781447-8FD4-4769-A62B-B7B50B459D33}.Debug|iPhone.ActiveCfg = Debug|Any CPU
		{BF781447-8FD4-4769-A62B-B7B50B459D33}.Debug|iPhone.Build.0 = Debug|Any CPU
		{BF781447-8FD4-4769-A62B-B7B50B459D33}.Debug|iPhoneSimulator.ActiveCfg = Debug|Any CPU
		{BF781447-8FD4-4769-A62B-B7B50B459D33}.Debug|iPhoneSimulator.Build.0 = Debug|Any CPU
		{BF781447-8FD4-4769-A62B-B7B50B459D33}.Release|Any CPU.ActiveCfg = Release|Any CPU
		{BF781447-8FD4-4769-A62B-B7B50B459D33}.Release|Any CPU.Build.0 = Release|Any CPU
		{BF781447-8FD4-4769-A62B-B7B50B459D33}.Release|iPhone.ActiveCfg = Release|Any CPU
		{BF781447-8FD4-4769-A62B-B7B50B459D33}.Release|iPhone.Build.0 = Release|Any CPU
		{BF781447-8FD4-4769-A62B-B7B50B459D33}.Release|iPhoneSimulator.ActiveCfg = Release|Any CPU
		{BF781447-8FD4-4769-A62B-B7B50B459D33}.Release|iPhoneSimulator.Build.0 = Release|Any CPU
		{D2FA85F0-8DEE-4725-ACE6-D317BE04B7F2}.Debug|Any CPU.ActiveCfg = Debug|iPhoneSimulator
		{D2FA85F0-8DEE-4725-ACE6-D317BE04B7F2}.Debug|Any CPU.Build.0 = Debug|iPhoneSimulator
		{D2FA85F0-8DEE-4725-ACE6-D317BE04B7F2}.Debug|iPhone.ActiveCfg = Debug|iPhone
		{D2FA85F0-8DEE-4725-ACE6-D317BE04B7F2}.Debug|iPhone.Build.0 = Debug|iPhone
		{D2FA85F0-8DEE-4725-ACE6-D317BE04B7F2}.Debug|iPhoneSimulator.ActiveCfg = Debug|iPhoneSimulator
		{D2FA85F0-8DEE-4725-ACE6-D317BE04B7F2}.Debug|iPhoneSimulator.Build.0 = Debug|iPhoneSimulator
		{D2FA85F0-8DEE-4725-ACE6-D317BE04B7F2}.Release|Any CPU.ActiveCfg = Release|iPhone
		{D2FA85F0-8DEE-4725-ACE6-D317BE04B7F2}.Release|Any CPU.Build.0 = Release|iPhone
		{D2FA85F0-8DEE-4725-ACE6-D317BE04B7F2}.Release|iPhone.ActiveCfg = Release|iPhone
		{D2FA85F0-8DEE-4725-ACE6-D317BE04B7F2}.Release|iPhone.Build.0 = Release|iPhone
		{D2FA85F0-8DEE-4725-ACE6-D317BE04B7F2}.Release|iPhoneSimulator.ActiveCfg = Release|iPhoneSimulator
		{D2FA85F0-8DEE-4725-ACE6-D317BE04B7F2}.Release|iPhoneSimulator.Build.0 = Release|iPhoneSimulator
	EndGlobalSection
EndGlobal
